
Microsoft Visual Studio Solution File, Format Version 12.00
# Visual Studio Version 17
VisualStudioVersion = 17.0.31903.59
MinimumVisualStudioVersion = 10.0.40219.1
Project("{FAE04EC0-301F-11D3-BF4B-00C04F79EFBC}") = "DeepFlow.Api", "DeepFlow.Api\DeepFlow.Api.csproj", "{F5892F5C-4295-4BF0-8C6E-88493570854B}"
EndProject
Project("{FAE04EC0-301F-11D3-BF4B-00C04F79EFBC}") = "DeepFlow.Core", "DeepFlow.Core\DeepFlow.Core.csproj", "{71DBFC63-35E9-4BDD-AEDE-FB900CB9EBA3}"
EndProject
Project("{FAE04EC0-301F-11D3-BF4B-00C04F79EFBC}") = "DeepFlow.Infrastructure", "DeepFlow.Infrastructure\DeepFlow.Infrastructure.csproj", "{2CF1F878-D3C3-4030-83EF-3F7404382CB4}"
EndProject
Global
	GlobalSection(SolutionConfigurationPlatforms) = preSolution
		Debug|Any CPU = Debug|Any CPU
		Debug|x64 = Debug|x64
		Debug|x86 = Debug|x86
		Release|Any CPU = Release|Any CPU
		Release|x64 = Release|x64
		Release|x86 = Release|x86
	EndGlobalSection
	GlobalSection(ProjectConfigurationPlatforms) = postSolution
		{F5892F5C-4295-4BF0-8C6E-88493570854B}.Debug|Any CPU.ActiveCfg = Debug|Any CPU
		{F5892F5C-4295-4BF0-8C6E-88493570854B}.Debug|Any CPU.Build.0 = Debug|Any CPU
		{F5892F5C-4295-4BF0-8C6E-88493570854B}.Debug|x64.ActiveCfg = Debug|Any CPU
		{F5892F5C-4295-4BF0-8C6E-88493570854B}.Debug|x64.Build.0 = Debug|Any CPU
		{F5892F5C-4295-4BF0-8C6E-88493570854B}.Debug|x86.ActiveCfg = Debug|Any CPU
		{F5892F5C-4295-4BF0-8C6E-88493570854B}.Debug|x86.Build.0 = Debug|Any CPU
		{F5892F5C-4295-4BF0-8C6E-88493570854B}.Release|Any CPU.ActiveCfg = Release|Any CPU
		{F5892F5C-4295-4BF0-8C6E-88493570854B}.Release|Any CPU.Build.0 = Release|Any CPU
		{F5892F5C-4295-4BF0-8C6E-88493570854B}.Release|x64.ActiveCfg = Release|Any CPU
		{F5892F5C-4295-4BF0-8C6E-88493570854B}.Release|x64.Build.0 = Release|Any CPU
		{F5892F5C-4295-4BF0-8C6E-88493570854B}.Release|x86.ActiveCfg = Release|Any CPU
		{F5892F5C-4295-4BF0-8C6E-88493570854B}.Release|x86.Build.0 = Release|Any CPU
		{71DBFC63-35E9-4BDD-AEDE-FB900CB9EBA3}.Debug|Any CPU.ActiveCfg = Debug|Any CPU
		{71DBFC63-35E9-4BDD-AEDE-FB900CB9EBA3}.Debug|Any CPU.Build.0 = Debug|Any CPU
		{71DBFC63-35E9-4BDD-AEDE-FB900CB9EBA3}.Debug|x64.ActiveCfg = Debug|Any CPU
		{71DBFC63-35E9-4BDD-AEDE-FB900CB9EBA3}.Debug|x64.Build.0 = Debug|Any CPU
		{71DBFC63-35E9-4BDD-AEDE-FB900CB9EBA3}.Debug|x86.ActiveCfg = Debug|Any CPU
		{71DBFC63-35E9-4BDD-AEDE-FB900CB9EBA3}.Debug|x86.Build.0 = Debug|Any CPU
		{71DBFC63-35E9-4BDD-AEDE-FB900CB9EBA3}.Release|Any CPU.ActiveCfg = Release|Any CPU
		{71DBFC63-35E9-4BDD-AEDE-FB900CB9EBA3}.Release|Any CPU.Build.0 = Release|Any CPU
		{71DBFC63-35E9-4BDD-AEDE-FB900CB9EBA3}.Release|x64.ActiveCfg = Release|Any CPU
		{71DBFC63-35E9-4BDD-AEDE-FB900CB9EBA3}.Release|x64.Build.0 = Release|Any CPU
		{71DBFC63-35E9-4BDD-AEDE-FB900CB9EBA3}.Release|x86.ActiveCfg = Release|Any CPU
		{71DBFC63-35E9-4BDD-AEDE-FB900CB9EBA3}.Release|x86.Build.0 = Release|Any CPU
		{2CF1F878-D3C3-4030-83EF-3F7404382CB4}.Debug|Any CPU.ActiveCfg = Debug|Any CPU
		{2CF1F878-D3C3-4030-83EF-3F7404382CB4}.Debug|Any CPU.Build.0 = Debug|Any CPU
		{2CF1F878-D3C3-4030-83EF-3F7404382CB4}.Debug|x64.ActiveCfg = Debug|Any CPU
		{2CF1F878-D3C3-4030-83EF-3F7404382CB4}.Debug|x64.Build.0 = Debug|Any CPU
		{2CF1F878-D3C3-4030-83EF-3F7404382CB4}.Debug|x86.ActiveCfg = Debug|Any CPU
		{2CF1F878-D3C3-4030-83EF-3F7404382CB4}.Debug|x86.Build.0 = Debug|Any CPU
		{2CF1F878-D3C3-4030-83EF-3F7404382CB4}.Release|Any CPU.ActiveCfg = Release|Any CPU
		{2CF1F878-D3C3-4030-83EF-3F7404382CB4}.Release|Any CPU.Build.0 = Release|Any CPU
		{2CF1F878-D3C3-4030-83EF-3F7404382CB4}.Release|x64.ActiveCfg = Release|Any CPU
		{2CF1F878-D3C3-4030-83EF-3F7404382CB4}.Release|x64.Build.0 = Release|Any CPU
		{2CF1F878-D3C3-4030-83EF-3F7404382CB4}.Release|x86.ActiveCfg = Release|Any CPU
		{2CF1F878-D3C3-4030-83EF-3F7404382CB4}.Release|x86.Build.0 = Release|Any CPU
	EndGlobalSection
	GlobalSection(SolutionProperties) = preSolution
		HideSolutionNode = FALSE
	EndGlobalSection
EndGlobal
